<?xml version="1.0" encoding="UTF-8" standalone="yes" ?>
<CodeBlocks_project_file>
	<FileVersion major="1" minor="6" />
	<Project>
		<Option title="Allumettes" />
		<Option pch_mode="2" />
		<Option compiler="gcc" />
		<Build>
			<Target title="default">
				<Option output="Allumettes" prefix_auto="1" extension_auto="1" />
				<Option type="1" />
				<Option compiler="gcc" />
			</Target>
		</Build>
		<Unit filename="allumettes - main.c">
			<Option compilerVar="CC" />
		</Unit>
		<Unit filename="allumettes - affichage.h">
			<Option compilerVar="CC" />
		</Unit>
		<Unit filename="allumettes - affichage.c">
			<Option compilerVar="CC" />
		</Unit>
		<Unit filename="allumettes - jeu.c">
			<Option compilerVar="CC" />
		</Unit>
		<Unit filename="allumettes - jeu.h">
			<Option compilerVar="CC" />
		</Unit>
		<Extensions>
			<code_completion />
			<envvars />
			<debugger />
		</Extensions>
	</Project>
</CodeBlocks_project_file>
